// !$*UTF8*$!
{
	archiveVersion = 1;
	classes = {
	};
	objectVersion = 46;
	objects = {

/* Begin PBXBuildFile section */
		3D5366B2191ACB8E0004CCC9 /* Song.m in Sources */ = {isa = PBXBuildFile; fileRef = 3D5366B1191ACB8E0004CCC9 /* Song.m */; };
		3D5366B5191ACB8F0004CCC9 /* Album.m in Sources */ = {isa = PBXBuildFile; fileRef = 3D5366B4191ACB8F0004CCC9 /* Album.m */; };
		3D5366B8191ACD440004CCC9 /* FDAlbumViewController.m in Sources */ = {isa = PBXBuildFile; fileRef = 3D5366B7191ACD440004CCC9 /* FDAlbumViewController.m */; };
		3D5366BB191AD2560004CCC9 /* Artist.m in Sources */ = {isa = PBXBuildFile; fileRef = 3D5366BA191AD2560004CCC9 /* Artist.m */; };
		3D5366BE191AD6AE0004CCC9 /* FDSongViewController.m in Sources */ = {isa = PBXBuildFile; fileRef = 3D5366BD191AD6AE0004CCC9 /* FDSongViewController.m */; };
		D63965EE191A9604008F5CB5 /* Foundation.framework in Frameworks */ = {isa = PBXBuildFile; fileRef = D63965ED191A9604008F5CB5 /* Foundation.framework */; };
		D63965F0191A9604008F5CB5 /* CoreGraphics.framework in Frameworks */ = {isa = PBXBuildFile; fileRef = D63965EF191A9604008F5CB5 /* CoreGraphics.framework */; };
		D63965F2191A9604008F5CB5 /* UIKit.framework in Frameworks */ = {isa = PBXBuildFile; fileRef = D63965F1191A9604008F5CB5 /* UIKit.framework */; };
		D63965F8191A9604008F5CB5 /* InfoPlist.strings in Resources */ = {isa = PBXBuildFile; fileRef = D63965F6191A9604008F5CB5 /* InfoPlist.strings */; };
		D63965FA191A9604008F5CB5 /* main.m in Sources */ = {isa = PBXBuildFile; fileRef = D63965F9191A9604008F5CB5 /* main.m */; };
		D63965FE191A9604008F5CB5 /* FDAppDelegate.m in Sources */ = {isa = PBXBuildFile; fileRef = D63965FD191A9604008F5CB5 /* FDAppDelegate.m */; };
		D6396601191A9604008F5CB5 /* Main.storyboard in Resources */ = {isa = PBXBuildFile; fileRef = D63965FF191A9604008F5CB5 /* Main.storyboard */; };
		D6396604191A9604008F5CB5 /* FDViewController.m in Sources */ = {isa = PBXBuildFile; fileRef = D6396603191A9604008F5CB5 /* FDViewController.m */; };
		D6396606191A9604008F5CB5 /* Images.xcassets in Resources */ = {isa = PBXBuildFile; fileRef = D6396605191A9604008F5CB5 /* Images.xcassets */; };
		D639660D191A9604008F5CB5 /* XCTest.framework in Frameworks */ = {isa = PBXBuildFile; fileRef = D639660C191A9604008F5CB5 /* XCTest.framework */; };
		D639660E191A9604008F5CB5 /* Foundation.framework in Frameworks */ = {isa = PBXBuildFile; fileRef = D63965ED191A9604008F5CB5 /* Foundation.framework */; };
		D639660F191A9604008F5CB5 /* UIKit.framework in Frameworks */ = {isa = PBXBuildFile; fileRef = D63965F1191A9604008F5CB5 /* UIKit.framework */; };
		D6396617191A9604008F5CB5 /* InfoPlist.strings in Resources */ = {isa = PBXBuildFile; fileRef = D6396615191A9604008F5CB5 /* InfoPlist.strings */; };
		D6396619191A9604008F5CB5 /* CoreDataExampleTests.m in Sources */ = {isa = PBXBuildFile; fileRef = D6396618191A9604008F5CB5 /* CoreDataExampleTests.m */; };
		D6396627191A9A0D008F5CB5 /* FDAppDelegate+CoreDataContext.m in Sources */ = {isa = PBXBuildFile; fileRef = D6396626191A9A0D008F5CB5 /* FDAppDelegate+CoreDataContext.m */; };
		D639662A191A9B8C008F5CB5 /* Model.xcdatamodeld in Sources */ = {isa = PBXBuildFile; fileRef = D6396628191A9B8C008F5CB5 /* Model.xcdatamodeld */; };
		D639662D191A9DD9008F5CB5 /* Label.m in Sources */ = {isa = PBXBuildFile; fileRef = D639662C191A9DD9008F5CB5 /* Label.m */; };
		D6396633191AADBA008F5CB5 /* FDArtistViewController.m in Sources */ = {isa = PBXBuildFile; fileRef = D6396632191AADBA008F5CB5 /* FDArtistViewController.m */; };
/* End PBXBuildFile section */

/* Begin PBXContainerItemProxy section */
		D6396610191A9604008F5CB5 /* PBXContainerItemProxy */ = {
			isa = PBXContainerItemProxy;
			containerPortal = D63965E2191A9604008F5CB5 /* Project object */;
			proxyType = 1;
			remoteGlobalIDString = D63965E9191A9604008F5CB5;
			remoteInfo = CoreDataExample;
		};
/* End PBXContainerItemProxy section */

/* Begin PBXFileReference section */
		3D5366B0191ACB8E0004CCC9 /* Song.h */ = {isa = PBXFileReference; fileEncoding = 4; lastKnownFileType = sourcecode.c.h; path = Song.h; sourceTree = "<group>"; };
		3D5366B1191ACB8E0004CCC9 /* Song.m */ = {isa = PBXFileReference; fileEncoding = 4; lastKnownFileType = sourcecode.c.objc; path = Song.m; sourceTree = "<group>"; };
		3D5366B3191ACB8F0004CCC9 /* Album.h */ = {isa = PBXFileReference; fileEncoding = 4; lastKnownFileType = sourcecode.c.h; path = Album.h; sourceTree = "<group>"; };
		3D5366B4191ACB8F0004CCC9 /* Album.m */ = {isa = PBXFileReference; fileEncoding = 4; lastKnownFileType = sourcecode.c.objc; path = Album.m; sourceTree = "<group>"; };
		3D5366B6191ACD440004CCC9 /* FDAlbumViewController.h */ = {isa = PBXFileReference; fileEncoding = 4; lastKnownFileType = sourcecode.c.h; path = FDAlbumViewController.h; sourceTree = "<group>"; };
		3D5366B7191ACD440004CCC9 /* FDAlbumViewController.m */ = {isa = PBXFileReference; fileEncoding = 4; lastKnownFileType = sourcecode.c.objc; path = FDAlbumViewController.m; sourceTree = "<group>"; };
		3D5366B9191AD2560004CCC9 /* Artist.h */ = {isa = PBXFileReference; fileEncoding = 4; lastKnownFileType = sourcecode.c.h; path = Artist.h; sourceTree = "<group>"; };
		3D5366BA191AD2560004CCC9 /* Artist.m */ = {isa = PBXFileReference; fileEncoding = 4; lastKnownFileType = sourcecode.c.objc; path = Artist.m; sourceTree = "<group>"; };
		3D5366BC191AD6AE0004CCC9 /* FDSongViewController.h */ = {isa = PBXFileReference; fileEncoding = 4; lastKnownFileType = sourcecode.c.h; path = FDSongViewController.h; sourceTree = "<group>"; };
		3D5366BD191AD6AE0004CCC9 /* FDSongViewController.m */ = {isa = PBXFileReference; fileEncoding = 4; lastKnownFileType = sourcecode.c.objc; path = FDSongViewController.m; sourceTree = "<group>"; };
		D63965EA191A9604008F5CB5 /* CoreDataExample.app */ = {isa = PBXFileReference; explicitFileType = wrapper.application; includeInIndex = 0; path = CoreDataExample.app; sourceTree = BUILT_PRODUCTS_DIR; };
		D63965ED191A9604008F5CB5 /* Foundation.framework */ = {isa = PBXFileReference; lastKnownFileType = wrapper.framework; name = Foundation.framework; path = System/Library/Frameworks/Foundation.framework; sourceTree = SDKROOT; };
		D63965EF191A9604008F5CB5 /* CoreGraphics.framework */ = {isa = PBXFileReference; lastKnownFileType = wrapper.framework; name = CoreGraphics.framework; path = System/Library/Frameworks/CoreGraphics.framework; sourceTree = SDKROOT; };
		D63965F1191A9604008F5CB5 /* UIKit.framework */ = {isa = PBXFileReference; lastKnownFileType = wrapper.framework; name = UIKit.framework; path = System/Library/Frameworks/UIKit.framework; sourceTree = SDKROOT; };
		D63965F5191A9604008F5CB5 /* CoreDataExample-Info.plist */ = {isa = PBXFileReference; lastKnownFileType = text.plist.xml; path = "CoreDataExample-Info.plist"; sourceTree = "<group>"; };
		D63965F7191A9604008F5CB5 /* en */ = {isa = PBXFileReference; lastKnownFileType = text.plist.strings; name = en; path = en.lproj/InfoPlist.strings; sourceTree = "<group>"; };
		D63965F9191A9604008F5CB5 /* main.m */ = {isa = PBXFileReference; lastKnownFileType = sourcecode.c.objc; path = main.m; sourceTree = "<group>"; };
		D63965FB191A9604008F5CB5 /* CoreDataExample-Prefix.pch */ = {isa = PBXFileReference; lastKnownFileType = sourcecode.c.h; path = "CoreDataExample-Prefix.pch"; sourceTree = "<group>"; };
		D63965FC191A9604008F5CB5 /* FDAppDelegate.h */ = {isa = PBXFileReference; lastKnownFileType = sourcecode.c.h; path = FDAppDelegate.h; sourceTree = "<group>"; };
		D63965FD191A9604008F5CB5 /* FDAppDelegate.m */ = {isa = PBXFileReference; lastKnownFileType = sourcecode.c.objc; path = FDAppDelegate.m; sourceTree = "<group>"; };
		D6396600191A9604008F5CB5 /* Base */ = {isa = PBXFileReference; lastKnownFileType = file.storyboard; name = Base; path = Base.lproj/Main.storyboard; sourceTree = "<group>"; };
		D6396602191A9604008F5CB5 /* FDViewController.h */ = {isa = PBXFileReference; lastKnownFileType = sourcecode.c.h; path = FDViewController.h; sourceTree = "<group>"; };
		D6396603191A9604008F5CB5 /* FDViewController.m */ = {isa = PBXFileReference; lastKnownFileType = sourcecode.c.objc; path = FDViewController.m; sourceTree = "<group>"; };
		D6396605191A9604008F5CB5 /* Images.xcassets */ = {isa = PBXFileReference; lastKnownFileType = folder.assetcatalog; path = Images.xcassets; sourceTree = "<group>"; };
		D639660B191A9604008F5CB5 /* CoreDataExampleTests.xctest */ = {isa = PBXFileReference; explicitFileType = wrapper.cfbundle; includeInIndex = 0; path = CoreDataExampleTests.xctest; sourceTree = BUILT_PRODUCTS_DIR; };
		D639660C191A9604008F5CB5 /* XCTest.framework */ = {isa = PBXFileReference; lastKnownFileType = wrapper.framework; name = XCTest.framework; path = Library/Frameworks/XCTest.framework; sourceTree = DEVELOPER_DIR; };
		D6396614191A9604008F5CB5 /* CoreDataExampleTests-Info.plist */ = {isa = PBXFileReference; lastKnownFileType = text.plist.xml; path = "CoreDataExampleTests-Info.plist"; sourceTree = "<group>"; };
		D6396616191A9604008F5CB5 /* en */ = {isa = PBXFileReference; lastKnownFileType = text.plist.strings; name = en; path = en.lproj/InfoPlist.strings; sourceTree = "<group>"; };
		D6396618191A9604008F5CB5 /* CoreDataExampleTests.m */ = {isa = PBXFileReference; lastKnownFileType = sourcecode.c.objc; path = CoreDataExampleTests.m; sourceTree = "<group>"; };
		D6396625191A9A0D008F5CB5 /* FDAppDelegate+CoreDataContext.h */ = {isa = PBXFileReference; fileEncoding = 4; lastKnownFileType = sourcecode.c.h; path = "FDAppDelegate+CoreDataContext.h"; sourceTree = "<group>"; };
		D6396626191A9A0D008F5CB5 /* FDAppDelegate+CoreDataContext.m */ = {isa = PBXFileReference; fileEncoding = 4; lastKnownFileType = sourcecode.c.objc; path = "FDAppDelegate+CoreDataContext.m"; sourceTree = "<group>"; };
		D6396629191A9B8C008F5CB5 /* Model.xcdatamodel */ = {isa = PBXFileReference; lastKnownFileType = wrapper.xcdatamodel; path = Model.xcdatamodel; sourceTree = "<group>"; };
		D639662B191A9DD9008F5CB5 /* Label.h */ = {isa = PBXFileReference; fileEncoding = 4; lastKnownFileType = sourcecode.c.h; path = Label.h; sourceTree = "<group>"; };
		D639662C191A9DD9008F5CB5 /* Label.m */ = {isa = PBXFileReference; fileEncoding = 4; lastKnownFileType = sourcecode.c.objc; path = Label.m; sourceTree = "<group>"; };
		D6396631191AADBA008F5CB5 /* FDArtistViewController.h */ = {isa = PBXFileReference; fileEncoding = 4; lastKnownFileType = sourcecode.c.h; path = FDArtistViewController.h; sourceTree = "<group>"; };
		D6396632191AADBA008F5CB5 /* FDArtistViewController.m */ = {isa = PBXFileReference; fileEncoding = 4; lastKnownFileType = sourcecode.c.objc; path = FDArtistViewController.m; sourceTree = "<group>"; };
/* End PBXFileReference section */

/* Begin PBXFrameworksBuildPhase section */
		D63965E7191A9604008F5CB5 /* Frameworks */ = {
			isa = PBXFrameworksBuildPhase;
			buildActionMask = 2147483647;
			files = (
				D63965F0191A9604008F5CB5 /* CoreGraphics.framework in Frameworks */,
				D63965F2191A9604008F5CB5 /* UIKit.framework in Frameworks */,
				D63965EE191A9604008F5CB5 /* Foundation.framework in Frameworks */,
			);
			runOnlyForDeploymentPostprocessing = 0;
		};
		D6396608191A9604008F5CB5 /* Frameworks */ = {
			isa = PBXFrameworksBuildPhase;
			buildActionMask = 2147483647;
			files = (
				D639660D191A9604008F5CB5 /* XCTest.framework in Frameworks */,
				D639660F191A9604008F5CB5 /* UIKit.framework in Frameworks */,
				D639660E191A9604008F5CB5 /* Foundation.framework in Frameworks */,
			);
			runOnlyForDeploymentPostprocessing = 0;
		};
/* End PBXFrameworksBuildPhase section */

/* Begin PBXGroup section */
		3D5366AD191AC9A20004CCC9 /* Model */ = {
			isa = PBXGroup;
			children = (
				D6396628191A9B8C008F5CB5 /* Model.xcdatamodeld */,
				3D5366B9191AD2560004CCC9 /* Artist.h */,
				3D5366BA191AD2560004CCC9 /* Artist.m */,
				D639662B191A9DD9008F5CB5 /* Label.h */,
				D639662C191A9DD9008F5CB5 /* Label.m */,
				3D5366B3191ACB8F0004CCC9 /* Album.h */,
				3D5366B4191ACB8F0004CCC9 /* Album.m */,
				3D5366B0191ACB8E0004CCC9 /* Song.h */,
				3D5366B1191ACB8E0004CCC9 /* Song.m */,
			);
			name = Model;
			sourceTree = "<group>";
		};
		3D5366AE191AC9B00004CCC9 /* Controller */ = {
			isa = PBXGroup;
			children = (
				D63965FC191A9604008F5CB5 /* FDAppDelegate.h */,
				D63965FD191A9604008F5CB5 /* FDAppDelegate.m */,
				D6396625191A9A0D008F5CB5 /* FDAppDelegate+CoreDataContext.h */,
				D6396626191A9A0D008F5CB5 /* FDAppDelegate+CoreDataContext.m */,
			);
			name = Controller;
			sourceTree = "<group>";
		};
		3D5366AF191AC9BD0004CCC9 /* View */ = {
			isa = PBXGroup;
			children = (
				D63965FF191A9604008F5CB5 /* Main.storyboard */,
				3D5366BC191AD6AE0004CCC9 /* FDSongViewController.h */,
				3D5366BD191AD6AE0004CCC9 /* FDSongViewController.m */,
				D6396602191A9604008F5CB5 /* FDViewController.h */,
				D6396603191A9604008F5CB5 /* FDViewController.m */,
				D6396631191AADBA008F5CB5 /* FDArtistViewController.h */,
				D6396632191AADBA008F5CB5 /* FDArtistViewController.m */,
				3D5366B6191ACD440004CCC9 /* FDAlbumViewController.h */,
				3D5366B7191ACD440004CCC9 /* FDAlbumViewController.m */,
			);
			name = View;
			sourceTree = "<group>";
		};
		D63965E1191A9604008F5CB5 = {
			isa = PBXGroup;
			children = (
				D63965F3191A9604008F5CB5 /* CoreDataExample */,
				D6396612191A9604008F5CB5 /* CoreDataExampleTests */,
				D63965EC191A9604008F5CB5 /* Frameworks */,
				D63965EB191A9604008F5CB5 /* Products */,
			);
			sourceTree = "<group>";
		};
		D63965EB191A9604008F5CB5 /* Products */ = {
			isa = PBXGroup;
			children = (
				D63965EA191A9604008F5CB5 /* CoreDataExample.app */,
				D639660B191A9604008F5CB5 /* CoreDataExampleTests.xctest */,
			);
			name = Products;
			sourceTree = "<group>";
		};
		D63965EC191A9604008F5CB5 /* Frameworks */ = {
			isa = PBXGroup;
			children = (
				D63965ED191A9604008F5CB5 /* Foundation.framework */,
				D63965EF191A9604008F5CB5 /* CoreGraphics.framework */,
				D63965F1191A9604008F5CB5 /* UIKit.framework */,
				D639660C191A9604008F5CB5 /* XCTest.framework */,
			);
			name = Frameworks;
			sourceTree = "<group>";
		};
		D63965F3191A9604008F5CB5 /* CoreDataExample */ = {
			isa = PBXGroup;
			children = (
				3D5366AD191AC9A20004CCC9 /* Model */,
				3D5366AF191AC9BD0004CCC9 /* View */,
				3D5366AE191AC9B00004CCC9 /* Controller */,
				D6396605191A9604008F5CB5 /* Images.xcassets */,
				D63965F4191A9604008F5CB5 /* Supporting Files */,
			);
			path = CoreDataExample;
			sourceTree = "<group>";
		};
		D63965F4191A9604008F5CB5 /* Supporting Files */ = {
			isa = PBXGroup;
			children = (
				D63965F5191A9604008F5CB5 /* CoreDataExample-Info.plist */,
				D63965F6191A9604008F5CB5 /* InfoPlist.strings */,
				D63965F9191A9604008F5CB5 /* main.m */,
				D63965FB191A9604008F5CB5 /* CoreDataExample-Prefix.pch */,
			);
			name = "Supporting Files";
			sourceTree = "<group>";
		};
		D6396612191A9604008F5CB5 /* CoreDataExampleTests */ = {
			isa = PBXGroup;
			children = (
				D6396618191A9604008F5CB5 /* CoreDataExampleTests.m */,
				D6396613191A9604008F5CB5 /* Supporting Files */,
			);
			path = CoreDataExampleTests;
			sourceTree = "<group>";
		};
		D6396613191A9604008F5CB5 /* Supporting Files */ = {
			isa = PBXGroup;
			children = (
				D6396614191A9604008F5CB5 /* CoreDataExampleTests-Info.plist */,
				D6396615191A9604008F5CB5 /* InfoPlist.strings */,
			);
			name = "Supporting Files";
			sourceTree = "<group>";
		};
/* End PBXGroup section */

/* Begin PBXNativeTarget section */
		D63965E9191A9604008F5CB5 /* CoreDataExample */ = {
			isa = PBXNativeTarget;
			buildConfigurationList = D639661C191A9604008F5CB5 /* Build configuration list for PBXNativeTarget "CoreDataExample" */;
			buildPhases = (
				D63965E6191A9604008F5CB5 /* Sources */,
				D63965E7191A9604008F5CB5 /* Frameworks */,
				D63965E8191A9604008F5CB5 /* Resources */,
			);
			buildRules = (
			);
			dependencies = (
			);
			name = CoreDataExample;
			productName = CoreDataExample;
			productReference = D63965EA191A9604008F5CB5 /* CoreDataExample.app */;
			productType = "com.apple.product-type.application";
		};
		D639660A191A9604008F5CB5 /* CoreDataExampleTests */ = {
			isa = PBXNativeTarget;
			buildConfigurationList = D639661F191A9604008F5CB5 /* Build configuration list for PBXNativeTarget "CoreDataExampleTests" */;
			buildPhases = (
				D6396607191A9604008F5CB5 /* Sources */,
				D6396608191A9604008F5CB5 /* Frameworks */,
				D6396609191A9604008F5CB5 /* Resources */,
			);
			buildRules = (
			);
			dependencies = (
				D6396611191A9604008F5CB5 /* PBXTargetDependency */,
			);
			name = CoreDataExampleTests;
			productName = CoreDataExampleTests;
			productReference = D639660B191A9604008F5CB5 /* CoreDataExampleTests.xctest */;
			productType = "com.apple.product-type.bundle.unit-test";
		};
/* End PBXNativeTarget section */

/* Begin PBXProject section */
		D63965E2191A9604008F5CB5 /* Project object */ = {
			isa = PBXProject;
			attributes = {
				CLASSPREFIX = FD;
				LastUpgradeCheck = 0510;
				ORGANIZATIONNAME = Fairbanksdan;
				TargetAttributes = {
					D639660A191A9604008F5CB5 = {
						TestTargetID = D63965E9191A9604008F5CB5;
					};
				};
			};
			buildConfigurationList = D63965E5191A9604008F5CB5 /* Build configuration list for PBXProject "CoreDataExample" */;
			compatibilityVersion = "Xcode 3.2";
			developmentRegion = English;
			hasScannedForEncodings = 0;
			knownRegions = (
				en,
				Base,
			);
			mainGroup = D63965E1191A9604008F5CB5;
			productRefGroup = D63965EB191A9604008F5CB5 /* Products */;
			projectDirPath = "";
			projectRoot = "";
			targets = (
				D63965E9191A9604008F5CB5 /* CoreDataExample */,
				D639660A191A9604008F5CB5 /* CoreDataExampleTests */,
			);
		};
/* End PBXProject section */

/* Begin PBXResourcesBuildPhase section */
		D63965E8191A9604008F5CB5 /* Resources */ = {
			isa = PBXResourcesBuildPhase;
			buildActionMask = 2147483647;
			files = (
				D6396606191A9604008F5CB5 /* Images.xcassets in Resources */,
				D63965F8191A9604008F5CB5 /* InfoPlist.strings in Resources */,
				D6396601191A9604008F5CB5 /* Main.storyboard in Resources */,
			);
			runOnlyForDeploymentPostprocessing = 0;
		};
		D6396609191A9604008F5CB5 /* Resources */ = {
			isa = PBXResourcesBuildPhase;
			buildActionMask = 2147483647;
			files = (
				D6396617191A9604008F5CB5 /* InfoPlist.strings in Resources */,
			);
			runOnlyForDeploymentPostprocessing = 0;
		};
/* End PBXResourcesBuildPhase section */

/* Begin PBXSourcesBuildPhase section */
		D63965E6191A9604008F5CB5 /* Sources */ = {
			isa = PBXSourcesBuildPhase;
			buildActionMask = 2147483647;
			files = (
				3D5366B8191ACD440004CCC9 /* FDAlbumViewController.m in Sources */,
				3D5366BE191AD6AE0004CCC9 /* FDSongViewController.m in Sources */,
				D639662D191A9DD9008F5CB5 /* Label.m in Sources */,
				D6396627191A9A0D008F5CB5 /* FDAppDelegate+CoreDataContext.m in Sources */,
				D63965FE191A9604008F5CB5 /* FDAppDelegate.m in Sources */,
				3D5366BB191AD2560004CCC9 /* Artist.m in Sources */,
				3D5366B5191ACB8F0004CCC9 /* Album.m in Sources */,
				D6396633191AADBA008F5CB5 /* FDArtistViewController.m in Sources */,
				D639662A191A9B8C008F5CB5 /* Model.xcdatamodeld in Sources */,
				D63965FA191A9604008F5CB5 /* main.m in Sources */,
				3D5366B2191ACB8E0004CCC9 /* Song.m in Sources */,
				D6396604191A9604008F5CB5 /* FDViewController.m in Sources */,
			);
			runOnlyForDeploymentPostprocessing = 0;
		};
		D6396607191A9604008F5CB5 /* Sources */ = {
			isa = PBXSourcesBuildPhase;
			buildActionMask = 2147483647;
			files = (
				D6396619191A9604008F5CB5 /* CoreDataExampleTests.m in Sources */,
			);
			runOnlyForDeploymentPostprocessing = 0;
		};
/* End PBXSourcesBuildPhase section */

/* Begin PBXTargetDependency section */
		D6396611191A9604008F5CB5 /* PBXTargetDependency */ = {
			isa = PBXTargetDependency;
			target = D63965E9191A9604008F5CB5 /* CoreDataExample */;
			targetProxy = D6396610191A9604008F5CB5 /* PBXContainerItemProxy */;
		};
/* End PBXTargetDependency section */

/* Begin PBXVariantGroup section */
		D63965F6191A9604008F5CB5 /* InfoPlist.strings */ = {
			isa = PBXVariantGroup;
			children = (
				D63965F7191A9604008F5CB5 /* en */,
			);
			name = InfoPlist.strings;
			sourceTree = "<group>";
		};
		D63965FF191A9604008F5CB5 /* Main.storyboard */ = {
			isa = PBXVariantGroup;
			children = (
				D6396600191A9604008F5CB5 /* Base */,
			);
			name = Main.storyboard;
			sourceTree = "<group>";
		};
		D6396615191A9604008F5CB5 /* InfoPlist.strings */ = {
			isa = PBXVariantGroup;
			children = (
				D6396616191A9604008F5CB5 /* en */,
			);
			name = InfoPlist.strings;
			sourceTree = "<group>";
		};
/* End PBXVariantGroup section */

/* Begin XCBuildConfiguration section */
		D639661A191A9604008F5CB5 /* Debug */ = {
			isa = XCBuildConfiguration;
			buildSettings = {
				ALWAYS_SEARCH_USER_PATHS = NO;
				CLANG_CXX_LANGUAGE_STANDARD = "gnu++0x";
				CLANG_CXX_LIBRARY = "libc++";
				CLANG_ENABLE_MODULES = YES;
				CLANG_ENABLE_OBJC_ARC = YES;
				CLANG_WARN_BOOL_CONVERSION = YES;
				CLANG_WARN_CONSTANT_CONVERSION = YES;
				CLANG_WARN_DIRECT_OBJC_ISA_USAGE = YES_ERROR;
				CLANG_WARN_EMPTY_BODY = YES;
				CLANG_WARN_ENUM_CONVERSION = YES;
				CLANG_WARN_INT_CONVERSION = YES;
				CLANG_WARN_OBJC_ROOT_CLASS = YES_ERROR;
				CLANG_WARN__DUPLICATE_METHOD_MATCH = YES;
				"CODE_SIGN_IDENTITY[sdk=iphoneos*]" = "iPhone Developer";
				COPY_PHASE_STRIP = NO;
				GCC_C_LANGUAGE_STANDARD = gnu99;
				GCC_DYNAMIC_NO_PIC = NO;
				GCC_OPTIMIZATION_LEVEL = 0;
				GCC_PREPROCESSOR_DEFINITIONS = (
					"DEBUG=1",
					"$(inherited)",
				);
				GCC_SYMBOLS_PRIVATE_EXTERN = NO;
				GCC_WARN_64_TO_32_BIT_CONVERSION = YES;
				GCC_WARN_ABOUT_RETURN_TYPE = YES_ERROR;
				GCC_WARN_UNDECLARED_SELECTOR = YES;
				GCC_WARN_UNINITIALIZED_AUTOS = YES_AGGRESSIVE;
				GCC_WARN_UNUSED_FUNCTION = YES;
				GCC_WARN_UNUSED_VARIABLE = YES;
				IPHONEOS_DEPLOYMENT_TARGET = 7.1;
				ONLY_ACTIVE_ARCH = YES;
				SDKROOT = iphoneos;
			};
			name = Debug;
		};
		D639661B191A9604008F5CB5 /* Release */ = {
			isa = XCBuildConfiguration;
			buildSettings = {
				ALWAYS_SEARCH_USER_PATHS = NO;
				CLANG_CXX_LANGUAGE_STANDARD = "gnu++0x";
				CLANG_CXX_LIBRARY = "libc++";
				CLANG_ENABLE_MODULES = YES;
				CLANG_ENABLE_OBJC_ARC = YES;
				CLANG_WARN_BOOL_CONVERSION = YES;
				CLANG_WARN_CONSTANT_CONVERSION = YES;
				CLANG_WARN_DIRECT_OBJC_ISA_USAGE = YES_ERROR;
				CLANG_WARN_EMPTY_BODY = YES;
				CLANG_WARN_ENUM_CONVERSION = YES;
				CLANG_WARN_INT_CONVERSION = YES;
				CLANG_WARN_OBJC_ROOT_CLASS = YES_ERROR;
				CLANG_WARN__DUPLICATE_METHOD_MATCH = YES;
				"CODE_SIGN_IDENTITY[sdk=iphoneos*]" = "iPhone Developer";
				COPY_PHASE_STRIP = YES;
				ENABLE_NS_ASSERTIONS = NO;
				GCC_C_LANGUAGE_STANDARD = gnu99;
				GCC_WARN_64_TO_32_BIT_CONVERSION = YES;
				GCC_WARN_ABOUT_RETURN_TYPE = YES_ERROR;
				GCC_WARN_UNDECLARED_SELECTOR = YES;
				GCC_WARN_UNINITIALIZED_AUTOS = YES_AGGRESSIVE;
				GCC_WARN_UNUSED_FUNCTION = YES;
				GCC_WARN_UNUSED_VARIABLE = YES;
				IPHONEOS_DEPLOYMENT_TARGET = 7.1;
				SDKROOT = iphoneos;
				VALIDATE_PRODUCT = YES;
			};
			name = Release;
		};
		D639661D191A9604008F5CB5 /* Debug */ = {
			isa = XCBuildConfiguration;
			buildSettings = {
				ASSETCATALOG_COMPILER_APPICON_NAME = AppIcon;
				ASSETCATALOG_COMPILER_LAUNCHIMAGE_NAME = LaunchImage;
				GCC_PRECOMPILE_PREFIX_HEADER = YES;
				GCC_PREFIX_HEADER = "CoreDataExample/CoreDataExample-Prefix.pch";
				INFOPLIST_FILE = "CoreDataExample/CoreDataExample-Info.plist";
				PRODUCT_NAME = "$(TARGET_NAME)";
				WRAPPER_EXTENSION = app;
			};
			name = Debug;
		};
		D639661E191A9604008F5CB5 /* Release */ = {
			isa = XCBuildConfiguration;
			buildSettings = {
				ASSETCATALOG_COMPILER_APPICON_NAME = AppIcon;
				ASSETCATALOG_COMPILER_LAUNCHIMAGE_NAME = LaunchImage;
				GCC_PRECOMPILE_PREFIX_HEADER = YES;
				GCC_PREFIX_HEADER = "CoreDataExample/CoreDataExample-Prefix.pch";
				INFOPLIST_FILE = "CoreDataExample/CoreDataExample-Info.plist";
				PRODUCT_NAME = "$(TARGET_NAME)";
				WRAPPER_EXTENSION = app;
			};
			name = Release;
		};
		D6396620191A9604008F5CB5 /* Debug */ = {
			isa = XCBuildConfiguration;
			buildSettings = {
				BUNDLE_LOADER = "$(BUILT_PRODUCTS_DIR)/CoreDataExample.app/CoreDataExample";
				FRAMEWORK_SEARCH_PATHS = (
					"$(SDKROOT)/Developer/Library/Frameworks",
					"$(inherited)",
					"$(DEVELOPER_FRAMEWORKS_DIR)",
				);
				GCC_PRECOMPILE_PREFIX_HEADER = YES;
				GCC_PREFIX_HEADER = "CoreDataExample/CoreDataExample-Prefix.pch";
				GCC_PREPROCESSOR_DEFINITIONS = (
					"DEBUG=1",
					"$(inherited)",
				);
				INFOPLIST_FILE = "CoreDataExampleTests/CoreDataExampleTests-Info.plist";
				PRODUCT_NAME = "$(TARGET_NAME)";
				TEST_HOST = "$(BUNDLE_LOADER)";
				WRAPPER_EXTENSION = xctest;
			};
			name = Debug;
		};
		D6396621191A9604008F5CB5 /* Release */ = {
			isa = XCBuildConfiguration;
			buildSettings = {
				BUNDLE_LOADER = "$(BUILT_PRODUCTS_DIR)/CoreDataExample.app/CoreDataExample";
				FRAMEWORK_SEARCH_PATHS = (
					"$(SDKROOT)/Developer/Library/Frameworks",
					"$(inherited)",
					"$(DEVELOPER_FRAMEWORKS_DIR)",
				);
				GCC_PRECOMPILE_PREFIX_HEADER = YES;
				GCC_PREFIX_HEADER = "CoreDataExample/CoreDataExample-Prefix.pch";
				INFOPLIST_FILE = "CoreDataExampleTests/CoreDataExampleTests-Info.plist";
				PRODUCT_NAME = "$(TARGET_NAME)";
				TEST_HOST = "$(BUNDLE_LOADER)";
				WRAPPER_EXTENSION = xctest;
			};
			name = Release;
		};
/* End XCBuildConfiguration section */

/* Begin XCConfigurationList section */
		D63965E5191A9604008F5CB5 /* Build configuration list for PBXProject "CoreDataExample" */ = {
			isa = XCConfigurationList;
			buildConfigurations = (
				D639661A191A9604008F5CB5 /* Debug */,
				D639661B191A9604008F5CB5 /* Release */,
			);
			defaultConfigurationIsVisible = 0;
			defaultConfigurationName = Release;
		};
		D639661C191A9604008F5CB5 /* Build configuration list for PBXNativeTarget "CoreDataExample" */ = {
			isa = XCConfigurationList;
			buildConfigurations = (
				D639661D191A9604008F5CB5 /* Debug */,
				D639661E191A9604008F5CB5 /* Release */,
			);
			defaultConfigurationIsVisible = 0;
			defaultConfigurationName = Release;
		};
		D639661F191A9604008F5CB5 /* Build configuration list for PBXNativeTarget "CoreDataExampleTests" */ = {
			isa = XCConfigurationList;
			buildConfigurations = (
				D6396620191A9604008F5CB5 /* Debug */,
				D6396621191A9604008F5CB5 /* Release */,
			);
			defaultConfigurationIsVisible = 0;
			defaultConfigurationName = Release;
		};
/* End XCConfigurationList section */

/* Begin XCVersionGroup section */
		D6396628191A9B8C008F5CB5 /* Model.xcdatamodeld */ = {
			isa = XCVersionGroup;
			children = (
				D6396629191A9B8C008F5CB5 /* Model.xcdatamodel */,
			);
			currentVersion = D6396629191A9B8C008F5CB5 /* Model.xcdatamodel */;
			path = Model.xcdatamodeld;
			sourceTree = "<group>";
			versionGroupType = wrapper.xcdatamodel;
		};
/* End XCVersionGroup section */
	};
	rootObject = D63965E2191A9604008F5CB5 /* Project object */;
}
